
Microsoft Visual Studio Solution File, Format Version 12.00
# Visual Studio Version 17
VisualStudioVersion = 17.13.35825.156 d17.13
MinimumVisualStudioVersion = 10.0.40219.1
Project("{FAE04EC0-301F-11D3-BF4B-00C04F79EFBC}") = "LiteralCompiler", "LiteralCompiler\LiteralCompiler.csproj", "{5FF9045D-E563-4AF1-8189-A908FF40F6C5}"
EndProject
Global
	GlobalSection(SolutionConfigurationPlatforms) = preSolution
		Debug|Any CPU = Debug|Any CPU
		Release|Any CPU = Release|Any CPU
	EndGlobalSection
	GlobalSection(ProjectConfigurationPlatforms) = postSolution
		{5FF9045D-E563-4AF1-8189-A908FF40F6C5}.Debug|Any CPU.ActiveCfg = Debug|Any CPU
		{5FF9045D-E563-4AF1-8189-A908FF40F6C5}.Debug|Any CPU.Build.0 = Debug|Any CPU
		{5FF9045D-E563-4AF1-8189-A908FF40F6C5}.Release|Any CPU.ActiveCfg = Release|Any CPU
		{5FF9045D-E563-4AF1-8189-A908FF40F6C5}.Release|Any CPU.Build.0 = Release|Any CPU
	EndGlobalSection
	GlobalSection(SolutionProperties) = preSolution
		HideSolutionNode = FALSE
	EndGlobalSection
	GlobalSection(ExtensibilityGlobals) = postSolution
		SolutionGuid = {BBAA5DA2-F1FA-45ED-87CF-045FA2182DA6}
	EndGlobalSection
EndGlobal
